// !$*UTF8*$!
{
	archiveVersion = 1;
	classes = {
	};
	objectVersion = 56;
	objects = {

/* Begin PBXBuildFile section */
		274ED33F2C2D592800EFF066 /* AppDelegate.swift in Sources */ = {isa = PBXBuildFile; fileRef = 274ED33E2C2D592800EFF066 /* AppDelegate.swift */; };
		274ED3412C2D592800EFF066 /* SceneDelegate.swift in Sources */ = {isa = PBXBuildFile; fileRef = 274ED3402C2D592800EFF066 /* SceneDelegate.swift */; };
		274ED3432C2D592800EFF066 /* ViewController.swift in Sources */ = {isa = PBXBuildFile; fileRef = 274ED3422C2D592800EFF066 /* ViewController.swift */; };
		274ED3482C2D592A00EFF066 /* Assets.xcassets in Resources */ = {isa = PBXBuildFile; fileRef = 274ED3472C2D592A00EFF066 /* Assets.xcassets */; };
		274ED34B2C2D592A00EFF066 /* Base in Resources */ = {isa = PBXBuildFile; fileRef = 274ED34A2C2D592A00EFF066 /* Base */; };
		274ED35D2C2D7DA000EFF066 /* DefaultPhotosRepository.swift in Sources */ = {isa = PBXBuildFile; fileRef = 274ED35C2C2D7DA000EFF066 /* DefaultPhotosRepository.swift */; };
		274ED35F2C2D7DF800EFF066 /* NetworkService.swift in Sources */ = {isa = PBXBuildFile; fileRef = 274ED35E2C2D7DF800EFF066 /* NetworkService.swift */; };
		274ED3642C2D7E3F00EFF066 /* Photo.swift in Sources */ = {isa = PBXBuildFile; fileRef = 274ED3632C2D7E3F00EFF066 /* Photo.swift */; };
		274ED3662C2D7E5500EFF066 /* FetchPhotosUseCase.swift in Sources */ = {isa = PBXBuildFile; fileRef = 274ED3652C2D7E5500EFF066 /* FetchPhotosUseCase.swift */; };
		274ED3692C2D7E7800EFF066 /* PhotosRepository.swift in Sources */ = {isa = PBXBuildFile; fileRef = 274ED3682C2D7E7800EFF066 /* PhotosRepository.swift */; };
/* End PBXBuildFile section */

/* Begin PBXFileReference section */
		274ED33B2C2D592800EFF066 /* Unsplash_Clone.app */ = {isa = PBXFileReference; explicitFileType = wrapper.application; includeInIndex = 0; path = Unsplash_Clone.app; sourceTree = BUILT_PRODUCTS_DIR; };
		274ED33E2C2D592800EFF066 /* AppDelegate.swift */ = {isa = PBXFileReference; lastKnownFileType = sourcecode.swift; path = AppDelegate.swift; sourceTree = "<group>"; };
		274ED3402C2D592800EFF066 /* SceneDelegate.swift */ = {isa = PBXFileReference; lastKnownFileType = sourcecode.swift; path = SceneDelegate.swift; sourceTree = "<group>"; };
		274ED3422C2D592800EFF066 /* ViewController.swift */ = {isa = PBXFileReference; lastKnownFileType = sourcecode.swift; path = ViewController.swift; sourceTree = "<group>"; };
		274ED3472C2D592A00EFF066 /* Assets.xcassets */ = {isa = PBXFileReference; lastKnownFileType = folder.assetcatalog; path = Assets.xcassets; sourceTree = "<group>"; };
		274ED34A2C2D592A00EFF066 /* Base */ = {isa = PBXFileReference; lastKnownFileType = file.storyboard; name = Base; path = Base.lproj/LaunchScreen.storyboard; sourceTree = "<group>"; };
		274ED34C2C2D592A00EFF066 /* Info.plist */ = {isa = PBXFileReference; lastKnownFileType = text.plist.xml; path = Info.plist; sourceTree = "<group>"; };
		274ED35C2C2D7DA000EFF066 /* DefaultPhotosRepository.swift */ = {isa = PBXFileReference; lastKnownFileType = sourcecode.swift; path = DefaultPhotosRepository.swift; sourceTree = "<group>"; };
		274ED35E2C2D7DF800EFF066 /* NetworkService.swift */ = {isa = PBXFileReference; lastKnownFileType = sourcecode.swift; path = NetworkService.swift; sourceTree = "<group>"; };
		274ED3632C2D7E3F00EFF066 /* Photo.swift */ = {isa = PBXFileReference; lastKnownFileType = sourcecode.swift; path = Photo.swift; sourceTree = "<group>"; };
		274ED3652C2D7E5500EFF066 /* FetchPhotosUseCase.swift */ = {isa = PBXFileReference; lastKnownFileType = sourcecode.swift; path = FetchPhotosUseCase.swift; sourceTree = "<group>"; };
		274ED3682C2D7E7800EFF066 /* PhotosRepository.swift */ = {isa = PBXFileReference; lastKnownFileType = sourcecode.swift; path = PhotosRepository.swift; sourceTree = "<group>"; };
/* End PBXFileReference section */

/* Begin PBXFrameworksBuildPhase section */
		274ED3382C2D592800EFF066 /* Frameworks */ = {
			isa = PBXFrameworksBuildPhase;
			buildActionMask = 2147483647;
			files = (
			);
			runOnlyForDeploymentPostprocessing = 0;
		};
/* End PBXFrameworksBuildPhase section */

/* Begin PBXGroup section */
		274ED3322C2D592800EFF066 = {
			isa = PBXGroup;
			children = (
				274ED33D2C2D592800EFF066 /* Unsplash_Clone */,
				274ED33C2C2D592800EFF066 /* Products */,
			);
			sourceTree = "<group>";
		};
		274ED33C2C2D592800EFF066 /* Products */ = {
			isa = PBXGroup;
			children = (
				274ED33B2C2D592800EFF066 /* Unsplash_Clone.app */,
			);
			name = Products;
			sourceTree = "<group>";
		};
		274ED33D2C2D592800EFF066 /* Unsplash_Clone */ = {
			isa = PBXGroup;
			children = (
				274ED3522C2D7A9500EFF066 /* Application */,
				274ED3542C2D7AF600EFF066 /* Presentation */,
				274ED3562C2D7C0300EFF066 /* Domain */,
				274ED3582C2D7C2000EFF066 /* Data */,
				274ED3592C2D7CB500EFF066 /* Infrastructure */,
				274ED3532C2D7AB900EFF066 /* Resources */,
			);
			path = Unsplash_Clone;
			sourceTree = "<group>";
		};
		274ED3522C2D7A9500EFF066 /* Application */ = {
			isa = PBXGroup;
			children = (
				274ED33E2C2D592800EFF066 /* AppDelegate.swift */,
				274ED3402C2D592800EFF066 /* SceneDelegate.swift */,
			);
			path = Application;
			sourceTree = "<group>";
		};
		274ED3532C2D7AB900EFF066 /* Resources */ = {
			isa = PBXGroup;
			children = (
				274ED3472C2D592A00EFF066 /* Assets.xcassets */,
				274ED3492C2D592A00EFF066 /* LaunchScreen.storyboard */,
				274ED34C2C2D592A00EFF066 /* Info.plist */,
			);
			path = Resources;
			sourceTree = "<group>";
		};
		274ED3542C2D7AF600EFF066 /* Presentation */ = {
			isa = PBXGroup;
			children = (
				274ED3422C2D592800EFF066 /* ViewController.swift */,
			);
			path = Presentation;
			sourceTree = "<group>";
		};
		274ED3562C2D7C0300EFF066 /* Domain */ = {
			isa = PBXGroup;
			children = (
				274ED3602C2D7E0000EFF066 /* Entities */,
				274ED3612C2D7E1100EFF066 /* UseCases */,
				274ED3622C2D7E1E00EFF066 /* Interfaces */,
			);
			path = Domain;
			sourceTree = "<group>";
		};
		274ED3582C2D7C2000EFF066 /* Data */ = {
			isa = PBXGroup;
			children = (
				274ED35C2C2D7DA000EFF066 /* DefaultPhotosRepository.swift */,
			);
			path = Data;
			sourceTree = "<group>";
		};
		274ED3592C2D7CB500EFF066 /* Infrastructure */ = {
			isa = PBXGroup;
			children = (
				274ED35A2C2D7CD200EFF066 /* Network */,
			);
			path = Infrastructure;
			sourceTree = "<group>";
		};
		274ED35A2C2D7CD200EFF066 /* Network */ = {
			isa = PBXGroup;
			children = (
				274ED35E2C2D7DF800EFF066 /* NetworkService.swift */,
			);
			path = Network;
			sourceTree = "<group>";
		};
		274ED3602C2D7E0000EFF066 /* Entities */ = {
			isa = PBXGroup;
			children = (
				274ED3632C2D7E3F00EFF066 /* Photo.swift */,
			);
			path = Entities;
			sourceTree = "<group>";
		};
		274ED3612C2D7E1100EFF066 /* UseCases */ = {
			isa = PBXGroup;
			children = (
				274ED3652C2D7E5500EFF066 /* FetchPhotosUseCase.swift */,
			);
			path = UseCases;
			sourceTree = "<group>";
		};
		274ED3622C2D7E1E00EFF066 /* Interfaces */ = {
			isa = PBXGroup;
			children = (
				274ED3672C2D7E6700EFF066 /* Repositories */,
			);
			path = Interfaces;
			sourceTree = "<group>";
		};
		274ED3672C2D7E6700EFF066 /* Repositories */ = {
			isa = PBXGroup;
			children = (
				274ED3682C2D7E7800EFF066 /* PhotosRepository.swift */,
			);
			path = Repositories;
			sourceTree = "<group>";
		};
/* End PBXGroup section */

/* Begin PBXNativeTarget section */
		274ED33A2C2D592800EFF066 /* Unsplash_Clone */ = {
			isa = PBXNativeTarget;
			buildConfigurationList = 274ED34F2C2D592A00EFF066 /* Build configuration list for PBXNativeTarget "Unsplash_Clone" */;
			buildPhases = (
				274ED3372C2D592800EFF066 /* Sources */,
				274ED3382C2D592800EFF066 /* Frameworks */,
				274ED3392C2D592800EFF066 /* Resources */,
			);
			buildRules = (
			);
			dependencies = (
			);
			name = Unsplash_Clone;
			productName = Unsplash_Clone;
			productReference = 274ED33B2C2D592800EFF066 /* Unsplash_Clone.app */;
			productType = "com.apple.product-type.application";
		};
/* End PBXNativeTarget section */

/* Begin PBXProject section */
		274ED3332C2D592800EFF066 /* Project object */ = {
			isa = PBXProject;
			attributes = {
				BuildIndependentTargetsInParallel = 1;
				LastSwiftUpdateCheck = 1540;
				LastUpgradeCheck = 1540;
				TargetAttributes = {
					274ED33A2C2D592800EFF066 = {
						CreatedOnToolsVersion = 15.4;
					};
				};
			};
			buildConfigurationList = 274ED3362C2D592800EFF066 /* Build configuration list for PBXProject "Unsplash_Clone" */;
			compatibilityVersion = "Xcode 14.0";
			developmentRegion = en;
			hasScannedForEncodings = 0;
			knownRegions = (
				en,
				Base,
			);
			mainGroup = 274ED3322C2D592800EFF066;
			productRefGroup = 274ED33C2C2D592800EFF066 /* Products */;
			projectDirPath = "";
			projectRoot = "";
			targets = (
				274ED33A2C2D592800EFF066 /* Unsplash_Clone */,
			);
		};
/* End PBXProject section */

/* Begin PBXResourcesBuildPhase section */
		274ED3392C2D592800EFF066 /* Resources */ = {
			isa = PBXResourcesBuildPhase;
			buildActionMask = 2147483647;
			files = (
				274ED3482C2D592A00EFF066 /* Assets.xcassets in Resources */,
				274ED34B2C2D592A00EFF066 /* Base in Resources */,
			);
			runOnlyForDeploymentPostprocessing = 0;
		};
/* End PBXResourcesBuildPhase section */

/* Begin PBXSourcesBuildPhase section */
		274ED3372C2D592800EFF066 /* Sources */ = {
			isa = PBXSourcesBuildPhase;
			buildActionMask = 2147483647;
			files = (
				274ED3642C2D7E3F00EFF066 /* Photo.swift in Sources */,
				274ED35F2C2D7DF800EFF066 /* NetworkService.swift in Sources */,
				274ED3432C2D592800EFF066 /* ViewController.swift in Sources */,
				274ED33F2C2D592800EFF066 /* AppDelegate.swift in Sources */,
				274ED35D2C2D7DA000EFF066 /* DefaultPhotosRepository.swift in Sources */,
				274ED3412C2D592800EFF066 /* SceneDelegate.swift in Sources */,
				274ED3692C2D7E7800EFF066 /* PhotosRepository.swift in Sources */,
				274ED3662C2D7E5500EFF066 /* FetchPhotosUseCase.swift in Sources */,
			);
			runOnlyForDeploymentPostprocessing = 0;
		};
/* End PBXSourcesBuildPhase section */

/* Begin PBXVariantGroup section */
		274ED3492C2D592A00EFF066 /* LaunchScreen.storyboard */ = {
			isa = PBXVariantGroup;
			children = (
				274ED34A2C2D592A00EFF066 /* Base */,
			);
			name = LaunchScreen.storyboard;
			sourceTree = "<group>";
		};
/* End PBXVariantGroup section */

/* Begin XCBuildConfiguration section */
		274ED34D2C2D592A00EFF066 /* Debug */ = {
			isa = XCBuildConfiguration;
			buildSettings = {
				ALWAYS_SEARCH_USER_PATHS = NO;
				ASSETCATALOG_COMPILER_GENERATE_SWIFT_ASSET_SYMBOL_EXTENSIONS = YES;
				CLANG_ANALYZER_NONNULL = YES;
				CLANG_ANALYZER_NUMBER_OBJECT_CONVERSION = YES_AGGRESSIVE;
				CLANG_CXX_LANGUAGE_STANDARD = "gnu++20";
				CLANG_ENABLE_MODULES = YES;
				CLANG_ENABLE_OBJC_ARC = YES;
				CLANG_ENABLE_OBJC_WEAK = YES;
				CLANG_WARN_BLOCK_CAPTURE_AUTORELEASING = YES;
				CLANG_WARN_BOOL_CONVERSION = YES;
				CLANG_WARN_COMMA = YES;
				CLANG_WARN_CONSTANT_CONVERSION = YES;
				CLANG_WARN_DEPRECATED_OBJC_IMPLEMENTATIONS = YES;
				CLANG_WARN_DIRECT_OBJC_ISA_USAGE = YES_ERROR;
				CLANG_WARN_DOCUMENTATION_COMMENTS = YES;
				CLANG_WARN_EMPTY_BODY = YES;
				CLANG_WARN_ENUM_CONVERSION = YES;
				CLANG_WARN_INFINITE_RECURSION = YES;
				CLANG_WARN_INT_CONVERSION = YES;
				CLANG_WARN_NON_LITERAL_NULL_CONVERSION = YES;
				CLANG_WARN_OBJC_IMPLICIT_RETAIN_SELF = YES;
				CLANG_WARN_OBJC_LITERAL_CONVERSION = YES;
				CLANG_WARN_OBJC_ROOT_CLASS = YES_ERROR;
				CLANG_WARN_QUOTED_INCLUDE_IN_FRAMEWORK_HEADER = YES;
				CLANG_WARN_RANGE_LOOP_ANALYSIS = YES;
				CLANG_WARN_STRICT_PROTOTYPES = YES;
				CLANG_WARN_SUSPICIOUS_MOVE = YES;
				CLANG_WARN_UNGUARDED_AVAILABILITY = YES_AGGRESSIVE;
				CLANG_WARN_UNREACHABLE_CODE = YES;
				CLANG_WARN__DUPLICATE_METHOD_MATCH = YES;
				COPY_PHASE_STRIP = NO;
				DEBUG_INFORMATION_FORMAT = dwarf;
				ENABLE_STRICT_OBJC_MSGSEND = YES;
				ENABLE_TESTABILITY = YES;
				ENABLE_USER_SCRIPT_SANDBOXING = YES;
				GCC_C_LANGUAGE_STANDARD = gnu17;
				GCC_DYNAMIC_NO_PIC = NO;
				GCC_NO_COMMON_BLOCKS = YES;
				GCC_OPTIMIZATION_LEVEL = 0;
				GCC_PREPROCESSOR_DEFINITIONS = (
					"DEBUG=1",
					"$(inherited)",
				);
				GCC_WARN_64_TO_32_BIT_CONVERSION = YES;
				GCC_WARN_ABOUT_RETURN_TYPE = YES_ERROR;
				GCC_WARN_UNDECLARED_SELECTOR = YES;
				GCC_WARN_UNINITIALIZED_AUTOS = YES_AGGRESSIVE;
				GCC_WARN_UNUSED_FUNCTION = YES;
				GCC_WARN_UNUSED_VARIABLE = YES;
				IPHONEOS_DEPLOYMENT_TARGET = 17.5;
				LOCALIZATION_PREFERS_STRING_CATALOGS = YES;
				MTL_ENABLE_DEBUG_INFO = INCLUDE_SOURCE;
				MTL_FAST_MATH = YES;
				ONLY_ACTIVE_ARCH = YES;
				SDKROOT = iphoneos;
				SWIFT_ACTIVE_COMPILATION_CONDITIONS = "DEBUG $(inherited)";
				SWIFT_OPTIMIZATION_LEVEL = "-Onone";
			};
			name = Debug;
		};
		274ED34E2C2D592A00EFF066 /* Release */ = {
			isa = XCBuildConfiguration;
			buildSettings = {
				ALWAYS_SEARCH_USER_PATHS = NO;
				ASSETCATALOG_COMPILER_GENERATE_SWIFT_ASSET_SYMBOL_EXTENSIONS = YES;
				CLANG_ANALYZER_NONNULL = YES;
				CLANG_ANALYZER_NUMBER_OBJECT_CONVERSION = YES_AGGRESSIVE;
				CLANG_CXX_LANGUAGE_STANDARD = "gnu++20";
				CLANG_ENABLE_MODULES = YES;
				CLANG_ENABLE_OBJC_ARC = YES;
				CLANG_ENABLE_OBJC_WEAK = YES;
				CLANG_WARN_BLOCK_CAPTURE_AUTORELEASING = YES;
				CLANG_WARN_BOOL_CONVERSION = YES;
				CLANG_WARN_COMMA = YES;
				CLANG_WARN_CONSTANT_CONVERSION = YES;
				CLANG_WARN_DEPRECATED_OBJC_IMPLEMENTATIONS = YES;
				CLANG_WARN_DIRECT_OBJC_ISA_USAGE = YES_ERROR;
				CLANG_WARN_DOCUMENTATION_COMMENTS = YES;
				CLANG_WARN_EMPTY_BODY = YES;
				CLANG_WARN_ENUM_CONVERSION = YES;
				CLANG_WARN_INFINITE_RECURSION = YES;
				CLANG_WARN_INT_CONVERSION = YES;
				CLANG_WARN_NON_LITERAL_NULL_CONVERSION = YES;
				CLANG_WARN_OBJC_IMPLICIT_RETAIN_SELF = YES;
				CLANG_WARN_OBJC_LITERAL_CONVERSION = YES;
				CLANG_WARN_OBJC_ROOT_CLASS = YES_ERROR;
				CLANG_WARN_QUOTED_INCLUDE_IN_FRAMEWORK_HEADER = YES;
				CLANG_WARN_RANGE_LOOP_ANALYSIS = YES;
				CLANG_WARN_STRICT_PROTOTYPES = YES;
				CLANG_WARN_SUSPICIOUS_MOVE = YES;
				CLANG_WARN_UNGUARDED_AVAILABILITY = YES_AGGRESSIVE;
				CLANG_WARN_UNREACHABLE_CODE = YES;
				CLANG_WARN__DUPLICATE_METHOD_MATCH = YES;
				COPY_PHASE_STRIP = NO;
				DEBUG_INFORMATION_FORMAT = "dwarf-with-dsym";
				ENABLE_NS_ASSERTIONS = NO;
				ENABLE_STRICT_OBJC_MSGSEND = YES;
				ENABLE_USER_SCRIPT_SANDBOXING = YES;
				GCC_C_LANGUAGE_STANDARD = gnu17;
				GCC_NO_COMMON_BLOCKS = YES;
				GCC_WARN_64_TO_32_BIT_CONVERSION = YES;
				GCC_WARN_ABOUT_RETURN_TYPE = YES_ERROR;
				GCC_WARN_UNDECLARED_SELECTOR = YES;
				GCC_WARN_UNINITIALIZED_AUTOS = YES_AGGRESSIVE;
				GCC_WARN_UNUSED_FUNCTION = YES;
				GCC_WARN_UNUSED_VARIABLE = YES;
				IPHONEOS_DEPLOYMENT_TARGET = 17.5;
				LOCALIZATION_PREFERS_STRING_CATALOGS = YES;
				MTL_ENABLE_DEBUG_INFO = NO;
				MTL_FAST_MATH = YES;
				SDKROOT = iphoneos;
				SWIFT_COMPILATION_MODE = wholemodule;
				VALIDATE_PRODUCT = YES;
			};
			name = Release;
		};
		274ED3502C2D592A00EFF066 /* Debug */ = {
			isa = XCBuildConfiguration;
			buildSettings = {
				ASSETCATALOG_COMPILER_APPICON_NAME = AppIcon;
				ASSETCATALOG_COMPILER_GLOBAL_ACCENT_COLOR_NAME = AccentColor;
				CODE_SIGN_STYLE = Automatic;
				CURRENT_PROJECT_VERSION = 1;
				GENERATE_INFOPLIST_FILE = YES;
				INFOPLIST_FILE = Unsplash_Clone/Resources/Info.plist;
				INFOPLIST_KEY_UIApplicationSupportsIndirectInputEvents = YES;
				INFOPLIST_KEY_UILaunchStoryboardName = LaunchScreen;
				INFOPLIST_KEY_UISupportedInterfaceOrientations_iPad = "UIInterfaceOrientationPortrait UIInterfaceOrientationPortraitUpsideDown UIInterfaceOrientationLandscapeLeft UIInterfaceOrientationLandscapeRight";
				INFOPLIST_KEY_UISupportedInterfaceOrientations_iPhone = "UIInterfaceOrientationPortrait UIInterfaceOrientationLandscapeLeft UIInterfaceOrientationLandscapeRight";
				LD_RUNPATH_SEARCH_PATHS = (
					"$(inherited)",
					"@executable_path/Frameworks",
				);
				MARKETING_VERSION = 1.0;
				PRODUCT_BUNDLE_IDENTIFIER = "changhyun-kyle.Unsplash-Clone";
				PRODUCT_NAME = "$(TARGET_NAME)";
				SWIFT_EMIT_LOC_STRINGS = YES;
				SWIFT_VERSION = 5.0;
				TARGETED_DEVICE_FAMILY = "1,2";
			};
			name = Debug;
		};
		274ED3512C2D592A00EFF066 /* Release */ = {
			isa = XCBuildConfiguration;
			buildSettings = {
				ASSETCATALOG_COMPILER_APPICON_NAME = AppIcon;
				ASSETCATALOG_COMPILER_GLOBAL_ACCENT_COLOR_NAME = AccentColor;
				CODE_SIGN_STYLE = Automatic;
				CURRENT_PROJECT_VERSION = 1;
				GENERATE_INFOPLIST_FILE = YES;
				INFOPLIST_FILE = Unsplash_Clone/Resources/Info.plist;
				INFOPLIST_KEY_UIApplicationSupportsIndirectInputEvents = YES;
				INFOPLIST_KEY_UILaunchStoryboardName = LaunchScreen;
				INFOPLIST_KEY_UISupportedInterfaceOrientations_iPad = "UIInterfaceOrientationPortrait UIInterfaceOrientationPortraitUpsideDown UIInterfaceOrientationLandscapeLeft UIInterfaceOrientationLandscapeRight";
				INFOPLIST_KEY_UISupportedInterfaceOrientations_iPhone = "UIInterfaceOrientationPortrait UIInterfaceOrientationLandscapeLeft UIInterfaceOrientationLandscapeRight";
				LD_RUNPATH_SEARCH_PATHS = (
					"$(inherited)",
					"@executable_path/Frameworks",
				);
				MARKETING_VERSION = 1.0;
				PRODUCT_BUNDLE_IDENTIFIER = "changhyun-kyle.Unsplash-Clone";
				PRODUCT_NAME = "$(TARGET_NAME)";
				SWIFT_EMIT_LOC_STRINGS = YES;
				SWIFT_VERSION = 5.0;
				TARGETED_DEVICE_FAMILY = "1,2";
			};
			name = Release;
		};
/* End XCBuildConfiguration section */

/* Begin XCConfigurationList section */
		274ED3362C2D592800EFF066 /* Build configuration list for PBXProject "Unsplash_Clone" */ = {
			isa = XCConfigurationList;
			buildConfigurations = (
				274ED34D2C2D592A00EFF066 /* Debug */,
				274ED34E2C2D592A00EFF066 /* Release */,
			);
			defaultConfigurationIsVisible = 0;
			defaultConfigurationName = Release;
		};
		274ED34F2C2D592A00EFF066 /* Build configuration list for PBXNativeTarget "Unsplash_Clone" */ = {
			isa = XCConfigurationList;
			buildConfigurations = (
				274ED3502C2D592A00EFF066 /* Debug */,
				274ED3512C2D592A00EFF066 /* Release */,
			);
			defaultConfigurationIsVisible = 0;
			defaultConfigurationName = Release;
		};
/* End XCConfigurationList section */
	};
	rootObject = 274ED3332C2D592800EFF066 /* Project object */;
}
